
Microsoft Visual Studio Solution File, Format Version 12.00
# Visual Studio 2013
VisualStudioVersion = 12.0.31101.0
MinimumVisualStudioVersion = 10.0.40219.1
Project("{FAE04EC0-301F-11D3-BF4B-00C04F79EFBC}") = "MediaPicker.Forms.Plugin.Abstractions", "MediaPicker\MediaPicker.Forms.Plugin.Abstractions\MediaPicker.Forms.Plugin.Abstractions.csproj", "{14C534B6-1984-41A9-A384-D3A5508588E3}"
EndProject
Project("{FAE04EC0-301F-11D3-BF4B-00C04F79EFBC}") = "MediaPicker.Forms.Plugin.Android", "MediaPicker\MediaPicker.Forms.Plugin.Android\MediaPicker.Forms.Plugin.Android.csproj", "{AD2D2DB4-E781-4CF1-9B62-3AAD264F196D}"
EndProject
Project("{FAE04EC0-301F-11D3-BF4B-00C04F79EFBC}") = "MediaPicker.Forms.Plugin.iOS", "MediaPicker\MediaPicker.Forms.Plugin.iOS\MediaPicker.Forms.Plugin.iOS.csproj", "{D525F236-6A2D-4010-B1CC-4A4B8581C90B}"
EndProject
Project("{FAE04EC0-301F-11D3-BF4B-00C04F79EFBC}") = "MediaPicker.Forms.Plugin.iOSUnified", "MediaPicker\MediaPicker.Forms.Plugin.iOSUnified\MediaPicker.Forms.Plugin.iOSUnified.csproj", "{DD5A1BEA-FD11-4165-B60D-11226F703BE3}"
EndProject
Project("{FAE04EC0-301F-11D3-BF4B-00C04F79EFBC}") = "MediaPicker.Forms.Plugin.WindowsPhone", "MediaPicker\MediaPicker.Forms.Plugin.WindowsPhone\MediaPicker.Forms.Plugin.WindowsPhone.csproj", "{983B7EFF-7E75-4A87-890A-744A0B4C5232}"
EndProject
Project("{2150E333-8FDC-42A3-9474-1A3956D46DE8}") = "nuget", "nuget", "{E7B20A5D-C74D-4137-B975-9021E0331317}"
	ProjectSection(SolutionItems) = preProject
		MediaPicker.Forms.Plugin.nuspec = MediaPicker.Forms.Plugin.nuspec
	EndProjectSection
EndProject
Project("{2150E333-8FDC-42A3-9474-1A3956D46DE8}") = "tests", "tests", "{99D5DC54-7793-46E5-94D0-46B289523BCC}"
EndProject
Project("{FAE04EC0-301F-11D3-BF4B-00C04F79EFBC}") = "TestAndSampleApp", "test\TestAndSampleApp\TestAndSampleApp.csproj", "{C41C3FD4-5EBB-4E9D-905B-2D034073E5D2}"
EndProject
Project("{FAE04EC0-301F-11D3-BF4B-00C04F79EFBC}") = "TestAndSampleApp.iOS", "test\TestAndSampleApp.iOS\TestAndSampleApp.iOS.csproj", "{B247CD16-F640-445E-83BA-202D6769156D}"
EndProject
Project("{FAE04EC0-301F-11D3-BF4B-00C04F79EFBC}") = "TestAndSampleApp.Droid", "test\TestAndSampleApp.Droid\TestAndSampleApp.Droid.csproj", "{EEE51AC6-E6F3-4312-8F7E-8828927EC196}"
EndProject
Project("{FAE04EC0-301F-11D3-BF4B-00C04F79EFBC}") = "TestAndSampleApp.WinPhone", "test\TestAndSampleApp.WinPhone\TestAndSampleApp.WinPhone.csproj", "{C9ACEF45-F3E4-477C-BC93-19481D1474B3}"
EndProject
Global
	GlobalSection(SolutionConfigurationPlatforms) = preSolution
		Ad-Hoc|Any CPU = Ad-Hoc|Any CPU
		Ad-Hoc|ARM = Ad-Hoc|ARM
		Ad-Hoc|iPhone = Ad-Hoc|iPhone
		Ad-Hoc|iPhoneSimulator = Ad-Hoc|iPhoneSimulator
		Ad-Hoc|x86 = Ad-Hoc|x86
		AppStore|Any CPU = AppStore|Any CPU
		AppStore|ARM = AppStore|ARM
		AppStore|iPhone = AppStore|iPhone
		AppStore|iPhoneSimulator = AppStore|iPhoneSimulator
		AppStore|x86 = AppStore|x86
		Debug|Any CPU = Debug|Any CPU
		Debug|ARM = Debug|ARM
		Debug|iPhone = Debug|iPhone
		Debug|iPhoneSimulator = Debug|iPhoneSimulator
		Debug|x86 = Debug|x86
		Release|Any CPU = Release|Any CPU
		Release|ARM = Release|ARM
		Release|iPhone = Release|iPhone
		Release|iPhoneSimulator = Release|iPhoneSimulator
		Release|x86 = Release|x86
	EndGlobalSection
	GlobalSection(ProjectConfigurationPlatforms) = postSolution
		{14C534B6-1984-41A9-A384-D3A5508588E3}.Ad-Hoc|Any CPU.ActiveCfg = Release|Any CPU
		{14C534B6-1984-41A9-A384-D3A5508588E3}.Ad-Hoc|ARM.ActiveCfg = Release|Any CPU
		{14C534B6-1984-41A9-A384-D3A5508588E3}.Ad-Hoc|iPhone.ActiveCfg = Debug|Any CPU
		{14C534B6-1984-41A9-A384-D3A5508588E3}.Ad-Hoc|iPhone.Build.0 = Debug|Any CPU
		{14C534B6-1984-41A9-A384-D3A5508588E3}.Ad-Hoc|iPhoneSimulator.ActiveCfg = Release|Any CPU
		{14C534B6-1984-41A9-A384-D3A5508588E3}.Ad-Hoc|x86.ActiveCfg = Release|Any CPU
		{14C534B6-1984-41A9-A384-D3A5508588E3}.AppStore|Any CPU.ActiveCfg = Release|Any CPU
		{14C534B6-1984-41A9-A384-D3A5508588E3}.AppStore|ARM.ActiveCfg = Release|Any CPU
		{14C534B6-1984-41A9-A384-D3A5508588E3}.AppStore|iPhone.ActiveCfg = Debug|Any CPU
		{14C534B6-1984-41A9-A384-D3A5508588E3}.AppStore|iPhone.Build.0 = Debug|Any CPU
		{14C534B6-1984-41A9-A384-D3A5508588E3}.AppStore|iPhoneSimulator.ActiveCfg = Release|Any CPU
		{14C534B6-1984-41A9-A384-D3A5508588E3}.AppStore|x86.ActiveCfg = Release|Any CPU
		{14C534B6-1984-41A9-A384-D3A5508588E3}.Debug|Any CPU.ActiveCfg = Debug|Any CPU
		{14C534B6-1984-41A9-A384-D3A5508588E3}.Debug|Any CPU.Build.0 = Debug|Any CPU
		{14C534B6-1984-41A9-A384-D3A5508588E3}.Debug|ARM.ActiveCfg = Debug|Any CPU
		{14C534B6-1984-41A9-A384-D3A5508588E3}.Debug|ARM.Build.0 = Debug|Any CPU
		{14C534B6-1984-41A9-A384-D3A5508588E3}.Debug|iPhone.ActiveCfg = Debug|Any CPU
		{14C534B6-1984-41A9-A384-D3A5508588E3}.Debug|iPhone.Build.0 = Debug|Any CPU
		{14C534B6-1984-41A9-A384-D3A5508588E3}.Debug|iPhoneSimulator.ActiveCfg = Debug|Any CPU
		{14C534B6-1984-41A9-A384-D3A5508588E3}.Debug|iPhoneSimulator.Build.0 = Debug|Any CPU
		{14C534B6-1984-41A9-A384-D3A5508588E3}.Debug|x86.ActiveCfg = Debug|Any CPU
		{14C534B6-1984-41A9-A384-D3A5508588E3}.Debug|x86.Build.0 = Debug|Any CPU
		{14C534B6-1984-41A9-A384-D3A5508588E3}.Release|Any CPU.ActiveCfg = Release|Any CPU
		{14C534B6-1984-41A9-A384-D3A5508588E3}.Release|Any CPU.Build.0 = Release|Any CPU
		{14C534B6-1984-41A9-A384-D3A5508588E3}.Release|ARM.ActiveCfg = Release|Any CPU
		{14C534B6-1984-41A9-A384-D3A5508588E3}.Release|ARM.Build.0 = Release|Any CPU
		{14C534B6-1984-41A9-A384-D3A5508588E3}.Release|iPhone.ActiveCfg = Release|Any CPU
		{14C534B6-1984-41A9-A384-D3A5508588E3}.Release|iPhone.Build.0 = Release|Any CPU
		{14C534B6-1984-41A9-A384-D3A5508588E3}.Release|iPhoneSimulator.ActiveCfg = Release|Any CPU
		{14C534B6-1984-41A9-A384-D3A5508588E3}.Release|iPhoneSimulator.Build.0 = Release|Any CPU
		{14C534B6-1984-41A9-A384-D3A5508588E3}.Release|x86.ActiveCfg = Release|Any CPU
		{14C534B6-1984-41A9-A384-D3A5508588E3}.Release|x86.Build.0 = Release|Any CPU
		{AD2D2DB4-E781-4CF1-9B62-3AAD264F196D}.Ad-Hoc|Any CPU.ActiveCfg = Release|Any CPU
		{AD2D2DB4-E781-4CF1-9B62-3AAD264F196D}.Ad-Hoc|ARM.ActiveCfg = Release|Any CPU
		{AD2D2DB4-E781-4CF1-9B62-3AAD264F196D}.Ad-Hoc|iPhone.ActiveCfg = Debug|Any CPU
		{AD2D2DB4-E781-4CF1-9B62-3AAD264F196D}.Ad-Hoc|iPhone.Build.0 = Debug|Any CPU
		{AD2D2DB4-E781-4CF1-9B62-3AAD264F196D}.Ad-Hoc|iPhoneSimulator.ActiveCfg = Release|Any CPU
		{AD2D2DB4-E781-4CF1-9B62-3AAD264F196D}.Ad-Hoc|x86.ActiveCfg = Release|Any CPU
		{AD2D2DB4-E781-4CF1-9B62-3AAD264F196D}.AppStore|Any CPU.ActiveCfg = Release|Any CPU
		{AD2D2DB4-E781-4CF1-9B62-3AAD264F196D}.AppStore|ARM.ActiveCfg = Release|Any CPU
		{AD2D2DB4-E781-4CF1-9B62-3AAD264F196D}.AppStore|iPhone.ActiveCfg = Debug|Any CPU
		{AD2D2DB4-E781-4CF1-9B62-3AAD264F196D}.AppStore|iPhone.Build.0 = Debug|Any CPU
		{AD2D2DB4-E781-4CF1-9B62-3AAD264F196D}.AppStore|iPhoneSimulator.ActiveCfg = Release|Any CPU
		{AD2D2DB4-E781-4CF1-9B62-3AAD264F196D}.AppStore|x86.ActiveCfg = Release|Any CPU
		{AD2D2DB4-E781-4CF1-9B62-3AAD264F196D}.Debug|Any CPU.ActiveCfg = Debug|Any CPU
		{AD2D2DB4-E781-4CF1-9B62-3AAD264F196D}.Debug|Any CPU.Build.0 = Debug|Any CPU
		{AD2D2DB4-E781-4CF1-9B62-3AAD264F196D}.Debug|ARM.ActiveCfg = Debug|Any CPU
		{AD2D2DB4-E781-4CF1-9B62-3AAD264F196D}.Debug|ARM.Build.0 = Debug|Any CPU
		{AD2D2DB4-E781-4CF1-9B62-3AAD264F196D}.Debug|iPhone.ActiveCfg = Debug|Any CPU
		{AD2D2DB4-E781-4CF1-9B62-3AAD264F196D}.Debug|iPhone.Build.0 = Debug|Any CPU
		{AD2D2DB4-E781-4CF1-9B62-3AAD264F196D}.Debug|iPhoneSimulator.ActiveCfg = Debug|Any CPU
		{AD2D2DB4-E781-4CF1-9B62-3AAD264F196D}.Debug|iPhoneSimulator.Build.0 = Debug|Any CPU
		{AD2D2DB4-E781-4CF1-9B62-3AAD264F196D}.Debug|x86.ActiveCfg = Debug|Any CPU
		{AD2D2DB4-E781-4CF1-9B62-3AAD264F196D}.Debug|x86.Build.0 = Debug|Any CPU
		{AD2D2DB4-E781-4CF1-9B62-3AAD264F196D}.Release|Any CPU.ActiveCfg = Release|Any CPU
		{AD2D2DB4-E781-4CF1-9B62-3AAD264F196D}.Release|Any CPU.Build.0 = Release|Any CPU
		{AD2D2DB4-E781-4CF1-9B62-3AAD264F196D}.Release|ARM.ActiveCfg = Release|Any CPU
		{AD2D2DB4-E781-4CF1-9B62-3AAD264F196D}.Release|ARM.Build.0 = Release|Any CPU
		{AD2D2DB4-E781-4CF1-9B62-3AAD264F196D}.Release|iPhone.ActiveCfg = Release|Any CPU
		{AD2D2DB4-E781-4CF1-9B62-3AAD264F196D}.Release|iPhone.Build.0 = Release|Any CPU
		{AD2D2DB4-E781-4CF1-9B62-3AAD264F196D}.Release|iPhoneSimulator.ActiveCfg = Release|Any CPU
		{AD2D2DB4-E781-4CF1-9B62-3AAD264F196D}.Release|iPhoneSimulator.Build.0 = Release|Any CPU
		{AD2D2DB4-E781-4CF1-9B62-3AAD264F196D}.Release|x86.ActiveCfg = Release|Any CPU
		{AD2D2DB4-E781-4CF1-9B62-3AAD264F196D}.Release|x86.Build.0 = Release|Any CPU
		{D525F236-6A2D-4010-B1CC-4A4B8581C90B}.Ad-Hoc|Any CPU.ActiveCfg = Release|Any CPU
		{D525F236-6A2D-4010-B1CC-4A4B8581C90B}.Ad-Hoc|ARM.ActiveCfg = Release|Any CPU
		{D525F236-6A2D-4010-B1CC-4A4B8581C90B}.Ad-Hoc|iPhone.ActiveCfg = Debug|Any CPU
		{D525F236-6A2D-4010-B1CC-4A4B8581C90B}.Ad-Hoc|iPhone.Build.0 = Debug|Any CPU
		{D525F236-6A2D-4010-B1CC-4A4B8581C90B}.Ad-Hoc|iPhoneSimulator.ActiveCfg = Release|Any CPU
		{D525F236-6A2D-4010-B1CC-4A4B8581C90B}.Ad-Hoc|x86.ActiveCfg = Release|Any CPU
		{D525F236-6A2D-4010-B1CC-4A4B8581C90B}.AppStore|Any CPU.ActiveCfg = Release|Any CPU
		{D525F236-6A2D-4010-B1CC-4A4B8581C90B}.AppStore|ARM.ActiveCfg = Release|Any CPU
		{D525F236-6A2D-4010-B1CC-4A4B8581C90B}.AppStore|iPhone.ActiveCfg = Debug|Any CPU
		{D525F236-6A2D-4010-B1CC-4A4B8581C90B}.AppStore|iPhone.Build.0 = Debug|Any CPU
		{D525F236-6A2D-4010-B1CC-4A4B8581C90B}.AppStore|iPhoneSimulator.ActiveCfg = Release|Any CPU
		{D525F236-6A2D-4010-B1CC-4A4B8581C90B}.AppStore|x86.ActiveCfg = Release|Any CPU
		{D525F236-6A2D-4010-B1CC-4A4B8581C90B}.Debug|Any CPU.ActiveCfg = Debug|Any CPU
		{D525F236-6A2D-4010-B1CC-4A4B8581C90B}.Debug|Any CPU.Build.0 = Debug|Any CPU
		{D525F236-6A2D-4010-B1CC-4A4B8581C90B}.Debug|ARM.ActiveCfg = Debug|Any CPU
		{D525F236-6A2D-4010-B1CC-4A4B8581C90B}.Debug|ARM.Build.0 = Debug|Any CPU
		{D525F236-6A2D-4010-B1CC-4A4B8581C90B}.Debug|iPhone.ActiveCfg = Debug|Any CPU
		{D525F236-6A2D-4010-B1CC-4A4B8581C90B}.Debug|iPhone.Build.0 = Debug|Any CPU
		{D525F236-6A2D-4010-B1CC-4A4B8581C90B}.Debug|iPhoneSimulator.ActiveCfg = Debug|Any CPU
		{D525F236-6A2D-4010-B1CC-4A4B8581C90B}.Debug|iPhoneSimulator.Build.0 = Debug|Any CPU
		{D525F236-6A2D-4010-B1CC-4A4B8581C90B}.Debug|x86.ActiveCfg = Debug|Any CPU
		{D525F236-6A2D-4010-B1CC-4A4B8581C90B}.Debug|x86.Build.0 = Debug|Any CPU
		{D525F236-6A2D-4010-B1CC-4A4B8581C90B}.Release|Any CPU.ActiveCfg = Release|Any CPU
		{D525F236-6A2D-4010-B1CC-4A4B8581C90B}.Release|Any CPU.Build.0 = Release|Any CPU
		{D525F236-6A2D-4010-B1CC-4A4B8581C90B}.Release|ARM.ActiveCfg = Release|Any CPU
		{D525F236-6A2D-4010-B1CC-4A4B8581C90B}.Release|ARM.Build.0 = Release|Any CPU
		{D525F236-6A2D-4010-B1CC-4A4B8581C90B}.Release|iPhone.ActiveCfg = Release|Any CPU
		{D525F236-6A2D-4010-B1CC-4A4B8581C90B}.Release|iPhone.Build.0 = Release|Any CPU
		{D525F236-6A2D-4010-B1CC-4A4B8581C90B}.Release|iPhoneSimulator.ActiveCfg = Release|Any CPU
		{D525F236-6A2D-4010-B1CC-4A4B8581C90B}.Release|iPhoneSimulator.Build.0 = Release|Any CPU
		{D525F236-6A2D-4010-B1CC-4A4B8581C90B}.Release|x86.ActiveCfg = Release|Any CPU
		{D525F236-6A2D-4010-B1CC-4A4B8581C90B}.Release|x86.Build.0 = Release|Any CPU
		{DD5A1BEA-FD11-4165-B60D-11226F703BE3}.Ad-Hoc|Any CPU.ActiveCfg = Release|Any CPU
		{DD5A1BEA-FD11-4165-B60D-11226F703BE3}.Ad-Hoc|ARM.ActiveCfg = Release|Any CPU
		{DD5A1BEA-FD11-4165-B60D-11226F703BE3}.Ad-Hoc|iPhone.ActiveCfg = Debug|Any CPU
		{DD5A1BEA-FD11-4165-B60D-11226F703BE3}.Ad-Hoc|iPhone.Build.0 = Debug|Any CPU
		{DD5A1BEA-FD11-4165-B60D-11226F703BE3}.Ad-Hoc|iPhoneSimulator.ActiveCfg = Release|Any CPU
		{DD5A1BEA-FD11-4165-B60D-11226F703BE3}.Ad-Hoc|x86.ActiveCfg = Release|Any CPU
		{DD5A1BEA-FD11-4165-B60D-11226F703BE3}.AppStore|Any CPU.ActiveCfg = Release|Any CPU
		{DD5A1BEA-FD11-4165-B60D-11226F703BE3}.AppStore|ARM.ActiveCfg = Release|Any CPU
		{DD5A1BEA-FD11-4165-B60D-11226F703BE3}.AppStore|iPhone.ActiveCfg = Debug|Any CPU
		{DD5A1BEA-FD11-4165-B60D-11226F703BE3}.AppStore|iPhone.Build.0 = Debug|Any CPU
		{DD5A1BEA-FD11-4165-B60D-11226F703BE3}.AppStore|iPhoneSimulator.ActiveCfg = Release|Any CPU
		{DD5A1BEA-FD11-4165-B60D-11226F703BE3}.AppStore|x86.ActiveCfg = Release|Any CPU
		{DD5A1BEA-FD11-4165-B60D-11226F703BE3}.Debug|Any CPU.ActiveCfg = Debug|Any CPU
		{DD5A1BEA-FD11-4165-B60D-11226F703BE3}.Debug|Any CPU.Build.0 = Debug|Any CPU
		{DD5A1BEA-FD11-4165-B60D-11226F703BE3}.Debug|ARM.ActiveCfg = Debug|Any CPU
		{DD5A1BEA-FD11-4165-B60D-11226F703BE3}.Debug|ARM.Build.0 = Debug|Any CPU
		{DD5A1BEA-FD11-4165-B60D-11226F703BE3}.Debug|iPhone.ActiveCfg = Debug|Any CPU
		{DD5A1BEA-FD11-4165-B60D-11226F703BE3}.Debug|iPhone.Build.0 = Debug|Any CPU
		{DD5A1BEA-FD11-4165-B60D-11226F703BE3}.Debug|iPhoneSimulator.ActiveCfg = Debug|Any CPU
		{DD5A1BEA-FD11-4165-B60D-11226F703BE3}.Debug|iPhoneSimulator.Build.0 = Debug|Any CPU
		{DD5A1BEA-FD11-4165-B60D-11226F703BE3}.Debug|x86.ActiveCfg = Debug|Any CPU
		{DD5A1BEA-FD11-4165-B60D-11226F703BE3}.Debug|x86.Build.0 = Debug|Any CPU
		{DD5A1BEA-FD11-4165-B60D-11226F703BE3}.Release|Any CPU.ActiveCfg = Release|Any CPU
		{DD5A1BEA-FD11-4165-B60D-11226F703BE3}.Release|Any CPU.Build.0 = Release|Any CPU
		{DD5A1BEA-FD11-4165-B60D-11226F703BE3}.Release|ARM.ActiveCfg = Release|Any CPU
		{DD5A1BEA-FD11-4165-B60D-11226F703BE3}.Release|ARM.Build.0 = Release|Any CPU
		{DD5A1BEA-FD11-4165-B60D-11226F703BE3}.Release|iPhone.ActiveCfg = Release|Any CPU
		{DD5A1BEA-FD11-4165-B60D-11226F703BE3}.Release|iPhone.Build.0 = Release|Any CPU
		{DD5A1BEA-FD11-4165-B60D-11226F703BE3}.Release|iPhoneSimulator.ActiveCfg = Release|Any CPU
		{DD5A1BEA-FD11-4165-B60D-11226F703BE3}.Release|iPhoneSimulator.Build.0 = Release|Any CPU
		{DD5A1BEA-FD11-4165-B60D-11226F703BE3}.Release|x86.ActiveCfg = Release|Any CPU
		{DD5A1BEA-FD11-4165-B60D-11226F703BE3}.Release|x86.Build.0 = Release|Any CPU
		{983B7EFF-7E75-4A87-890A-744A0B4C5232}.Ad-Hoc|Any CPU.ActiveCfg = Release|Any CPU
		{983B7EFF-7E75-4A87-890A-744A0B4C5232}.Ad-Hoc|ARM.ActiveCfg = Release|ARM
		{983B7EFF-7E75-4A87-890A-744A0B4C5232}.Ad-Hoc|iPhone.ActiveCfg = Debug|Any CPU
		{983B7EFF-7E75-4A87-890A-744A0B4C5232}.Ad-Hoc|iPhone.Build.0 = Debug|Any CPU
		{983B7EFF-7E75-4A87-890A-744A0B4C5232}.Ad-Hoc|iPhoneSimulator.ActiveCfg = Release|Any CPU
		{983B7EFF-7E75-4A87-890A-744A0B4C5232}.Ad-Hoc|x86.ActiveCfg = Release|x86
		{983B7EFF-7E75-4A87-890A-744A0B4C5232}.AppStore|Any CPU.ActiveCfg = Release|Any CPU
		{983B7EFF-7E75-4A87-890A-744A0B4C5232}.AppStore|ARM.ActiveCfg = Release|ARM
		{983B7EFF-7E75-4A87-890A-744A0B4C5232}.AppStore|iPhone.ActiveCfg = Debug|Any CPU
		{983B7EFF-7E75-4A87-890A-744A0B4C5232}.AppStore|iPhone.Build.0 = Debug|Any CPU
		{983B7EFF-7E75-4A87-890A-744A0B4C5232}.AppStore|iPhoneSimulator.ActiveCfg = Release|Any CPU
		{983B7EFF-7E75-4A87-890A-744A0B4C5232}.AppStore|x86.ActiveCfg = Release|x86
		{983B7EFF-7E75-4A87-890A-744A0B4C5232}.Debug|Any CPU.ActiveCfg = Debug|Any CPU
		{983B7EFF-7E75-4A87-890A-744A0B4C5232}.Debug|Any CPU.Build.0 = Debug|Any CPU
		{983B7EFF-7E75-4A87-890A-744A0B4C5232}.Debug|ARM.ActiveCfg = Debug|ARM
		{983B7EFF-7E75-4A87-890A-744A0B4C5232}.Debug|ARM.Build.0 = Debug|ARM
		{983B7EFF-7E75-4A87-890A-744A0B4C5232}.Debug|iPhone.ActiveCfg = Debug|Any CPU
		{983B7EFF-7E75-4A87-890A-744A0B4C5232}.Debug|iPhone.Build.0 = Debug|Any CPU
		{983B7EFF-7E75-4A87-890A-744A0B4C5232}.Debug|iPhoneSimulator.ActiveCfg = Debug|Any CPU
		{983B7EFF-7E75-4A87-890A-744A0B4C5232}.Debug|iPhoneSimulator.Build.0 = Debug|Any CPU
		{983B7EFF-7E75-4A87-890A-744A0B4C5232}.Debug|x86.ActiveCfg = Debug|x86
		{983B7EFF-7E75-4A87-890A-744A0B4C5232}.Debug|x86.Build.0 = Debug|x86
		{983B7EFF-7E75-4A87-890A-744A0B4C5232}.Release|Any CPU.ActiveCfg = Release|Any CPU
		{983B7EFF-7E75-4A87-890A-744A0B4C5232}.Release|Any CPU.Build.0 = Release|Any CPU
		{983B7EFF-7E75-4A87-890A-744A0B4C5232}.Release|ARM.ActiveCfg = Release|ARM
		{983B7EFF-7E75-4A87-890A-744A0B4C5232}.Release|ARM.Build.0 = Release|ARM
		{983B7EFF-7E75-4A87-890A-744A0B4C5232}.Release|iPhone.ActiveCfg = Release|Any CPU
		{983B7EFF-7E75-4A87-890A-744A0B4C5232}.Release|iPhone.Build.0 = Release|Any CPU
		{983B7EFF-7E75-4A87-890A-744A0B4C5232}.Release|iPhoneSimulator.ActiveCfg = Release|Any CPU
		{983B7EFF-7E75-4A87-890A-744A0B4C5232}.Release|iPhoneSimulator.Build.0 = Release|Any CPU
		{983B7EFF-7E75-4A87-890A-744A0B4C5232}.Release|x86.ActiveCfg = Release|x86
		{983B7EFF-7E75-4A87-890A-744A0B4C5232}.Release|x86.Build.0 = Release|x86
		{C41C3FD4-5EBB-4E9D-905B-2D034073E5D2}.Ad-Hoc|Any CPU.ActiveCfg = Release|Any CPU
		{C41C3FD4-5EBB-4E9D-905B-2D034073E5D2}.Ad-Hoc|ARM.ActiveCfg = Release|Any CPU
		{C41C3FD4-5EBB-4E9D-905B-2D034073E5D2}.Ad-Hoc|iPhone.ActiveCfg = Debug|Any CPU
		{C41C3FD4-5EBB-4E9D-905B-2D034073E5D2}.Ad-Hoc|iPhone.Build.0 = Debug|Any CPU
		{C41C3FD4-5EBB-4E9D-905B-2D034073E5D2}.Ad-Hoc|iPhoneSimulator.ActiveCfg = Release|Any CPU
		{C41C3FD4-5EBB-4E9D-905B-2D034073E5D2}.Ad-Hoc|x86.ActiveCfg = Release|Any CPU
		{C41C3FD4-5EBB-4E9D-905B-2D034073E5D2}.AppStore|Any CPU.ActiveCfg = Release|Any CPU
		{C41C3FD4-5EBB-4E9D-905B-2D034073E5D2}.AppStore|ARM.ActiveCfg = Release|Any CPU
		{C41C3FD4-5EBB-4E9D-905B-2D034073E5D2}.AppStore|iPhone.ActiveCfg = Debug|Any CPU
		{C41C3FD4-5EBB-4E9D-905B-2D034073E5D2}.AppStore|iPhone.Build.0 = Debug|Any CPU
		{C41C3FD4-5EBB-4E9D-905B-2D034073E5D2}.AppStore|iPhoneSimulator.ActiveCfg = Release|Any CPU
		{C41C3FD4-5EBB-4E9D-905B-2D034073E5D2}.AppStore|x86.ActiveCfg = Release|Any CPU
		{C41C3FD4-5EBB-4E9D-905B-2D034073E5D2}.Debug|Any CPU.ActiveCfg = Debug|Any CPU
		{C41C3FD4-5EBB-4E9D-905B-2D034073E5D2}.Debug|Any CPU.Build.0 = Debug|Any CPU
		{C41C3FD4-5EBB-4E9D-905B-2D034073E5D2}.Debug|ARM.ActiveCfg = Debug|Any CPU
		{C41C3FD4-5EBB-4E9D-905B-2D034073E5D2}.Debug|ARM.Build.0 = Debug|Any CPU
		{C41C3FD4-5EBB-4E9D-905B-2D034073E5D2}.Debug|iPhone.ActiveCfg = Debug|Any CPU
		{C41C3FD4-5EBB-4E9D-905B-2D034073E5D2}.Debug|iPhone.Build.0 = Debug|Any CPU
		{C41C3FD4-5EBB-4E9D-905B-2D034073E5D2}.Debug|iPhoneSimulator.ActiveCfg = Debug|Any CPU
		{C41C3FD4-5EBB-4E9D-905B-2D034073E5D2}.Debug|iPhoneSimulator.Build.0 = Debug|Any CPU
		{C41C3FD4-5EBB-4E9D-905B-2D034073E5D2}.Debug|x86.ActiveCfg = Debug|Any CPU
		{C41C3FD4-5EBB-4E9D-905B-2D034073E5D2}.Debug|x86.Build.0 = Debug|Any CPU
		{C41C3FD4-5EBB-4E9D-905B-2D034073E5D2}.Release|Any CPU.ActiveCfg = Release|Any CPU
		{C41C3FD4-5EBB-4E9D-905B-2D034073E5D2}.Release|Any CPU.Build.0 = Release|Any CPU
		{C41C3FD4-5EBB-4E9D-905B-2D034073E5D2}.Release|ARM.ActiveCfg = Release|Any CPU
		{C41C3FD4-5EBB-4E9D-905B-2D034073E5D2}.Release|ARM.Build.0 = Release|Any CPU
		{C41C3FD4-5EBB-4E9D-905B-2D034073E5D2}.Release|iPhone.ActiveCfg = Release|Any CPU
		{C41C3FD4-5EBB-4E9D-905B-2D034073E5D2}.Release|iPhone.Build.0 = Release|Any CPU
		{C41C3FD4-5EBB-4E9D-905B-2D034073E5D2}.Release|iPhoneSimulator.ActiveCfg = Release|Any CPU
		{C41C3FD4-5EBB-4E9D-905B-2D034073E5D2}.Release|iPhoneSimulator.Build.0 = Release|Any CPU
		{C41C3FD4-5EBB-4E9D-905B-2D034073E5D2}.Release|x86.ActiveCfg = Release|Any CPU
		{C41C3FD4-5EBB-4E9D-905B-2D034073E5D2}.Release|x86.Build.0 = Release|Any CPU
		{B247CD16-F640-445E-83BA-202D6769156D}.Ad-Hoc|Any CPU.ActiveCfg = Ad-Hoc|iPhone
		{B247CD16-F640-445E-83BA-202D6769156D}.Ad-Hoc|ARM.ActiveCfg = Ad-Hoc|iPhone
		{B247CD16-F640-445E-83BA-202D6769156D}.Ad-Hoc|iPhone.ActiveCfg = Ad-Hoc|iPhone
		{B247CD16-F640-445E-83BA-202D6769156D}.Ad-Hoc|iPhone.Build.0 = Ad-Hoc|iPhone
		{B247CD16-F640-445E-83BA-202D6769156D}.Ad-Hoc|iPhoneSimulator.ActiveCfg = Ad-Hoc|iPhone
		{B247CD16-F640-445E-83BA-202D6769156D}.Ad-Hoc|x86.ActiveCfg = Ad-Hoc|iPhone
		{B247CD16-F640-445E-83BA-202D6769156D}.AppStore|Any CPU.ActiveCfg = AppStore|iPhone
		{B247CD16-F640-445E-83BA-202D6769156D}.AppStore|ARM.ActiveCfg = AppStore|iPhone
		{B247CD16-F640-445E-83BA-202D6769156D}.AppStore|iPhone.ActiveCfg = AppStore|iPhone
		{B247CD16-F640-445E-83BA-202D6769156D}.AppStore|iPhone.Build.0 = AppStore|iPhone
		{B247CD16-F640-445E-83BA-202D6769156D}.AppStore|iPhoneSimulator.ActiveCfg = AppStore|iPhone
		{B247CD16-F640-445E-83BA-202D6769156D}.AppStore|x86.ActiveCfg = AppStore|iPhone
		{B247CD16-F640-445E-83BA-202D6769156D}.Debug|Any CPU.ActiveCfg = Debug|iPhoneSimulator
		{B247CD16-F640-445E-83BA-202D6769156D}.Debug|Any CPU.Build.0 = Debug|iPhoneSimulator
		{B247CD16-F640-445E-83BA-202D6769156D}.Debug|ARM.ActiveCfg = Debug|iPhoneSimulator
		{B247CD16-F640-445E-83BA-202D6769156D}.Debug|ARM.Build.0 = Debug|iPhoneSimulator
		{B247CD16-F640-445E-83BA-202D6769156D}.Debug|iPhone.ActiveCfg = Debug|iPhone
		{B247CD16-F640-445E-83BA-202D6769156D}.Debug|iPhone.Build.0 = Debug|iPhone
		{B247CD16-F640-445E-83BA-202D6769156D}.Debug|iPhoneSimulator.ActiveCfg = Debug|iPhoneSimulator
		{B247CD16-F640-445E-83BA-202D6769156D}.Debug|iPhoneSimulator.Build.0 = Debug|iPhoneSimulator
		{B247CD16-F640-445E-83BA-202D6769156D}.Debug|x86.ActiveCfg = Debug|iPhoneSimulator
		{B247CD16-F640-445E-83BA-202D6769156D}.Debug|x86.Build.0 = Debug|iPhoneSimulator
		{B247CD16-F640-445E-83BA-202D6769156D}.Release|Any CPU.ActiveCfg = Release|iPhoneSimulator
		{B247CD16-F640-445E-83BA-202D6769156D}.Release|Any CPU.Build.0 = Release|iPhoneSimulator
		{B247CD16-F640-445E-83BA-202D6769156D}.Release|ARM.ActiveCfg = Release|iPhoneSimulator
		{B247CD16-F640-445E-83BA-202D6769156D}.Release|ARM.Build.0 = Release|iPhoneSimulator
		{B247CD16-F640-445E-83BA-202D6769156D}.Release|iPhone.ActiveCfg = Release|iPhone
		{B247CD16-F640-445E-83BA-202D6769156D}.Release|iPhone.Build.0 = Release|iPhone
		{B247CD16-F640-445E-83BA-202D6769156D}.Release|iPhoneSimulator.ActiveCfg = Release|iPhoneSimulator
		{B247CD16-F640-445E-83BA-202D6769156D}.Release|iPhoneSimulator.Build.0 = Release|iPhoneSimulator
		{B247CD16-F640-445E-83BA-202D6769156D}.Release|x86.ActiveCfg = Release|iPhoneSimulator
		{B247CD16-F640-445E-83BA-202D6769156D}.Release|x86.Build.0 = Release|iPhoneSimulator
		{EEE51AC6-E6F3-4312-8F7E-8828927EC196}.Ad-Hoc|Any CPU.ActiveCfg = Debug|Any CPU
		{EEE51AC6-E6F3-4312-8F7E-8828927EC196}.Ad-Hoc|ARM.ActiveCfg = Debug|Any CPU
		{EEE51AC6-E6F3-4312-8F7E-8828927EC196}.Ad-Hoc|iPhone.ActiveCfg = Release|Any CPU
		{EEE51AC6-E6F3-4312-8F7E-8828927EC196}.Ad-Hoc|iPhone.Build.0 = Release|Any CPU
		{EEE51AC6-E6F3-4312-8F7E-8828927EC196}.Ad-Hoc|iPhoneSimulator.ActiveCfg = Debug|Any CPU
		{EEE51AC6-E6F3-4312-8F7E-8828927EC196}.Ad-Hoc|x86.ActiveCfg = Debug|Any CPU
		{EEE51AC6-E6F3-4312-8F7E-8828927EC196}.AppStore|Any CPU.ActiveCfg = Debug|Any CPU
		{EEE51AC6-E6F3-4312-8F7E-8828927EC196}.AppStore|ARM.ActiveCfg = Debug|Any CPU
		{EEE51AC6-E6F3-4312-8F7E-8828927EC196}.AppStore|iPhone.ActiveCfg = Release|Any CPU
		{EEE51AC6-E6F3-4312-8F7E-8828927EC196}.AppStore|iPhone.Build.0 = Release|Any CPU
		{EEE51AC6-E6F3-4312-8F7E-8828927EC196}.AppStore|iPhoneSimulator.ActiveCfg = Debug|Any CPU
		{EEE51AC6-E6F3-4312-8F7E-8828927EC196}.AppStore|x86.ActiveCfg = Debug|Any CPU
		{EEE51AC6-E6F3-4312-8F7E-8828927EC196}.Debug|Any CPU.ActiveCfg = Debug|Any CPU
		{EEE51AC6-E6F3-4312-8F7E-8828927EC196}.Debug|Any CPU.Build.0 = Debug|Any CPU
		{EEE51AC6-E6F3-4312-8F7E-8828927EC196}.Debug|ARM.ActiveCfg = Debug|Any CPU
		{EEE51AC6-E6F3-4312-8F7E-8828927EC196}.Debug|ARM.Build.0 = Debug|Any CPU
		{EEE51AC6-E6F3-4312-8F7E-8828927EC196}.Debug|iPhone.ActiveCfg = Debug|Any CPU
		{EEE51AC6-E6F3-4312-8F7E-8828927EC196}.Debug|iPhone.Build.0 = Debug|Any CPU
		{EEE51AC6-E6F3-4312-8F7E-8828927EC196}.Debug|iPhoneSimulator.ActiveCfg = Debug|Any CPU
		{EEE51AC6-E6F3-4312-8F7E-8828927EC196}.Debug|iPhoneSimulator.Build.0 = Debug|Any CPU
		{EEE51AC6-E6F3-4312-8F7E-8828927EC196}.Debug|x86.ActiveCfg = Debug|Any CPU
		{EEE51AC6-E6F3-4312-8F7E-8828927EC196}.Debug|x86.Build.0 = Debug|Any CPU
		{EEE51AC6-E6F3-4312-8F7E-8828927EC196}.Release|Any CPU.ActiveCfg = Release|Any CPU
		{EEE51AC6-E6F3-4312-8F7E-8828927EC196}.Release|Any CPU.Build.0 = Release|Any CPU
		{EEE51AC6-E6F3-4312-8F7E-8828927EC196}.Release|ARM.ActiveCfg = Release|Any CPU
		{EEE51AC6-E6F3-4312-8F7E-8828927EC196}.Release|ARM.Build.0 = Release|Any CPU
		{EEE51AC6-E6F3-4312-8F7E-8828927EC196}.Release|iPhone.ActiveCfg = Release|Any CPU
		{EEE51AC6-E6F3-4312-8F7E-8828927EC196}.Release|iPhone.Build.0 = Release|Any CPU
		{EEE51AC6-E6F3-4312-8F7E-8828927EC196}.Release|iPhoneSimulator.ActiveCfg = Release|Any CPU
		{EEE51AC6-E6F3-4312-8F7E-8828927EC196}.Release|iPhoneSimulator.Build.0 = Release|Any CPU
		{EEE51AC6-E6F3-4312-8F7E-8828927EC196}.Release|x86.ActiveCfg = Release|Any CPU
		{EEE51AC6-E6F3-4312-8F7E-8828927EC196}.Release|x86.Build.0 = Release|Any CPU
		{C9ACEF45-F3E4-477C-BC93-19481D1474B3}.Ad-Hoc|Any CPU.ActiveCfg = Debug|Any CPU
		{C9ACEF45-F3E4-477C-BC93-19481D1474B3}.Ad-Hoc|ARM.ActiveCfg = Release|ARM
		{C9ACEF45-F3E4-477C-BC93-19481D1474B3}.Ad-Hoc|iPhone.ActiveCfg = Release|Any CPU
		{C9ACEF45-F3E4-477C-BC93-19481D1474B3}.Ad-Hoc|iPhone.Build.0 = Release|Any CPU
		{C9ACEF45-F3E4-477C-BC93-19481D1474B3}.Ad-Hoc|iPhoneSimulator.ActiveCfg = Debug|Any CPU
		{C9ACEF45-F3E4-477C-BC93-19481D1474B3}.Ad-Hoc|x86.ActiveCfg = Release|x86
		{C9ACEF45-F3E4-477C-BC93-19481D1474B3}.AppStore|Any CPU.ActiveCfg = Debug|Any CPU
		{C9ACEF45-F3E4-477C-BC93-19481D1474B3}.AppStore|ARM.ActiveCfg = Release|ARM
		{C9ACEF45-F3E4-477C-BC93-19481D1474B3}.AppStore|iPhone.ActiveCfg = Release|Any CPU
		{C9ACEF45-F3E4-477C-BC93-19481D1474B3}.AppStore|iPhone.Build.0 = Release|Any CPU
		{C9ACEF45-F3E4-477C-BC93-19481D1474B3}.AppStore|iPhoneSimulator.ActiveCfg = Debug|Any CPU
		{C9ACEF45-F3E4-477C-BC93-19481D1474B3}.AppStore|x86.ActiveCfg = Release|x86
		{C9ACEF45-F3E4-477C-BC93-19481D1474B3}.Debug|Any CPU.ActiveCfg = Debug|Any CPU
		{C9ACEF45-F3E4-477C-BC93-19481D1474B3}.Debug|Any CPU.Build.0 = Debug|Any CPU
		{C9ACEF45-F3E4-477C-BC93-19481D1474B3}.Debug|ARM.ActiveCfg = Debug|ARM
		{C9ACEF45-F3E4-477C-BC93-19481D1474B3}.Debug|ARM.Build.0 = Debug|ARM
		{C9ACEF45-F3E4-477C-BC93-19481D1474B3}.Debug|iPhone.ActiveCfg = Debug|Any CPU
		{C9ACEF45-F3E4-477C-BC93-19481D1474B3}.Debug|iPhone.Build.0 = Debug|Any CPU
		{C9ACEF45-F3E4-477C-BC93-19481D1474B3}.Debug|iPhoneSimulator.ActiveCfg = Debug|Any CPU
		{C9ACEF45-F3E4-477C-BC93-19481D1474B3}.Debug|iPhoneSimulator.Build.0 = Debug|Any CPU
		{C9ACEF45-F3E4-477C-BC93-19481D1474B3}.Debug|x86.ActiveCfg = Debug|x86
		{C9ACEF45-F3E4-477C-BC93-19481D1474B3}.Debug|x86.Build.0 = Debug|x86
		{C9ACEF45-F3E4-477C-BC93-19481D1474B3}.Release|Any CPU.ActiveCfg = Release|Any CPU
		{C9ACEF45-F3E4-477C-BC93-19481D1474B3}.Release|Any CPU.Build.0 = Release|Any CPU
		{C9ACEF45-F3E4-477C-BC93-19481D1474B3}.Release|ARM.ActiveCfg = Release|ARM
		{C9ACEF45-F3E4-477C-BC93-19481D1474B3}.Release|ARM.Build.0 = Release|ARM
		{C9ACEF45-F3E4-477C-BC93-19481D1474B3}.Release|iPhone.ActiveCfg = Release|Any CPU
		{C9ACEF45-F3E4-477C-BC93-19481D1474B3}.Release|iPhone.Build.0 = Release|Any CPU
		{C9ACEF45-F3E4-477C-BC93-19481D1474B3}.Release|iPhoneSimulator.ActiveCfg = Release|Any CPU
		{C9ACEF45-F3E4-477C-BC93-19481D1474B3}.Release|iPhoneSimulator.Build.0 = Release|Any CPU
		{C9ACEF45-F3E4-477C-BC93-19481D1474B3}.Release|x86.ActiveCfg = Release|x86
		{C9ACEF45-F3E4-477C-BC93-19481D1474B3}.Release|x86.Build.0 = Release|x86
	EndGlobalSection
	GlobalSection(SolutionProperties) = preSolution
		HideSolutionNode = FALSE
	EndGlobalSection
	GlobalSection(NestedProjects) = preSolution
		{C41C3FD4-5EBB-4E9D-905B-2D034073E5D2} = {99D5DC54-7793-46E5-94D0-46B289523BCC}
		{B247CD16-F640-445E-83BA-202D6769156D} = {99D5DC54-7793-46E5-94D0-46B289523BCC}
		{EEE51AC6-E6F3-4312-8F7E-8828927EC196} = {99D5DC54-7793-46E5-94D0-46B289523BCC}
		{C9ACEF45-F3E4-477C-BC93-19481D1474B3} = {99D5DC54-7793-46E5-94D0-46B289523BCC}
	EndGlobalSection
EndGlobal
